
Microsoft Visual Studio Solution File, Format Version 12.00
# Visual Studio Version 17
VisualStudioVersion = 17.13.35818.85 d17.13
MinimumVisualStudioVersion = 10.0.40219.1
Project("{FAE04EC0-301F-11D3-BF4B-00C04F79EFBC}") = "SalCalcTest25", "SalCalcTest25\SalCalcTest25.csproj", "{B12ED317-5A38-43B6-B471-CDA5FC28FEB3}"
EndProject
Project("{FAE04EC0-301F-11D3-BF4B-00C04F79EFBC}") = "IncomeCalculatorLibs", "IncomeCalculatorLibs\IncomeCalculatorLibs.csproj", "{2DD9D479-45F8-4A49-9D12-D19E315DD008}"
EndProject
Global
	GlobalSection(SolutionConfigurationPlatforms) = preSolution
		Debug|Any CPU = Debug|Any CPU
		Release|Any CPU = Release|Any CPU
	EndGlobalSection
	GlobalSection(ProjectConfigurationPlatforms) = postSolution
		{B12ED317-5A38-43B6-B471-CDA5FC28FEB3}.Debug|Any CPU.ActiveCfg = Debug|Any CPU
		{B12ED317-5A38-43B6-B471-CDA5FC28FEB3}.Debug|Any CPU.Build.0 = Debug|Any CPU
		{B12ED317-5A38-43B6-B471-CDA5FC28FEB3}.Release|Any CPU.ActiveCfg = Release|Any CPU
		{B12ED317-5A38-43B6-B471-CDA5FC28FEB3}.Release|Any CPU.Build.0 = Release|Any CPU
		{2DD9D479-45F8-4A49-9D12-D19E315DD008}.Debug|Any CPU.ActiveCfg = Debug|Any CPU
		{2DD9D479-45F8-4A49-9D12-D19E315DD008}.Debug|Any CPU.Build.0 = Debug|Any CPU
		{2DD9D479-45F8-4A49-9D12-D19E315DD008}.Release|Any CPU.ActiveCfg = Release|Any CPU
		{2DD9D479-45F8-4A49-9D12-D19E315DD008}.Release|Any CPU.Build.0 = Release|Any CPU
	EndGlobalSection
	GlobalSection(SolutionProperties) = preSolution
		HideSolutionNode = FALSE
	EndGlobalSection
	GlobalSection(ExtensibilityGlobals) = postSolution
		SolutionGuid = {FEEC0A66-79C0-4D9C-A6AB-AFF1F7E84E67}
	EndGlobalSection
EndGlobal
